{"format_version":"0.1","terraform_version":"0.13.3","planned_values":{"root_module":{"resources":[{"address":"time_rotating.t1","mode":"managed","type":"time_rotating","name":"t1","provider_name":"registry.terraform.io/hashicorp/time","schema_version":0,"values":{"day":26,"hour":16,"id":"2020-09-26T16:02:21Z","minute":2,"month":9,"rfc3339":"2020-09-26T16:02:21Z","rotation_days":29,"rotation_hours":null,"rotation_minutes":null,"rotation_months":null,"rotation_rfc3339":"2020-10-26T16:02:21Z","rotation_years":null,"second":21,"triggers":{"version":"1"},"unix":1601136141,"year":2020}},{"address":"time_rotating.t3","mode":"managed","type":"time_rotating","name":"t3","provider_name":"registry.terraform.io/hashicorp/time","schema_version":0,"values":{"rotation_days":30,"rotation_hours":null,"rotation_minutes":null,"rotation_months":null,"rotation_years":null,"triggers":{"version":"2"}}},{"address":"time_rotating.t4","mode":"managed","type":"time_rotating","name":"t4","provider_name":"registry.terraform.io/hashicorp/time","schema_version":0,"values":{"rotation_days":30,"rotation_hours":null,"rotation_minutes":null,"rotation_months":null,"rotation_years":null,"triggers":{"version":"2"}}}]}},"resource_changes":[{"address":"time_rotating.t1","mode":"managed","type":"time_rotating","name":"t1","provider_name":"registry.terraform.io/hashicorp/time","change":{"actions":["update"],"before":{"day":26,"hour":16,"id":"2020-09-26T16:02:21Z","minute":2,"month":9,"rfc3339":"2020-09-26T16:02:21Z","rotation_days":30,"rotation_hours":null,"rotation_minutes":null,"rotation_months":null,"rotation_rfc3339":"2020-10-26T16:02:21Z","rotation_years":null,"second":21,"triggers":{"version":"1"},"unix":1601136141,"year":2020},"after":{"day":26,"hour":16,"id":"2020-09-26T16:02:21Z","minute":2,"month":9,"rfc3339":"2020-09-26T16:02:21Z","rotation_days":29,"rotation_hours":null,"rotation_minutes":null,"rotation_months":null,"rotation_rfc3339":"2020-10-26T16:02:21Z","rotation_years":null,"second":21,"triggers":{"version":"1"},"unix":1601136141,"year":2020},"after_unknown":{}}},{"address":"time_rotating.t2","mode":"managed","type":"time_rotating","name":"t2","provider_name":"registry.terraform.io/hashicorp/time","change":{"actions":["delete"],"before":{"day":26,"hour":16,"id":"2020-09-26T16:02:21Z","minute":2,"month":9,"rfc3339":"2020-09-26T16:02:21Z","rotation_days":30,"rotation_hours":null,"rotation_minutes":null,"rotation_months":null,"rotation_rfc3339":"2020-10-26T16:02:21Z","rotation_years":null,"second":21,"triggers":{"version":"1"},"unix":1601136141,"year":2020},"after":null,"after_unknown":{}}},{"address":"time_rotating.t3","mode":"managed","type":"time_rotating","name":"t3","provider_name":"registry.terraform.io/hashicorp/time","change":{"actions":["delete","create"],"before":{"day":26,"hour":16,"id":"2020-09-26T16:02:21Z","minute":2,"month":9,"rfc3339":"2020-09-26T16:02:21Z","rotation_days":30,"rotation_hours":null,"rotation_minutes":null,"rotation_months":null,"rotation_rfc3339":"2020-10-26T16:02:21Z","rotation_years":null,"second":21,"triggers":{"version":"1"},"unix":1601136141,"year":2020},"after":{"rotation_days":30,"rotation_hours":null,"rotation_minutes":null,"rotation_months":null,"rotation_years":null,"triggers":{"version":"2"}},"after_unknown":{"day":true,"hour":true,"id":true,"minute":true,"month":true,"rfc3339":true,"rotation_rfc3339":true,"second":true,"triggers":{},"unix":true,"year":true}}},{"address":"time_rotating.t4","mode":"managed","type":"time_rotating","name":"t4","provider_name":"registry.terraform.io/hashicorp/time","change":{"actions":["create"],"before":null,"after":{"rotation_days":30,"rotation_hours":null,"rotation_minutes":null,"rotation_months":null,"rotation_years":null,"triggers":{"version":"2"}},"after_unknown":{"day":true,"hour":true,"id":true,"minute":true,"month":true,"rfc3339":true,"rotation_rfc3339":true,"second":true,"triggers":{},"unix":true,"year":true}}}],"prior_state":{"format_version":"0.1","terraform_version":"0.13.3","values":{"root_module":{"resources":[{"address":"time_rotating.t1","mode":"managed","type":"time_rotating","name":"t1","provider_name":"registry.terraform.io/hashicorp/time","schema_version":0,"values":{"day":26,"hour":16,"id":"2020-09-26T16:02:21Z","minute":2,"month":9,"rfc3339":"2020-09-26T16:02:21Z","rotation_days":30,"rotation_hours":null,"rotation_minutes":null,"rotation_months":null,"rotation_rfc3339":"2020-10-26T16:02:21Z","rotation_years":null,"second":21,"triggers":{"version":"1"},"unix":1601136141,"year":2020}},{"address":"time_rotating.t2","mode":"managed","type":"time_rotating","name":"t2","provider_name":"registry.terraform.io/hashicorp/time","schema_version":0,"values":{"day":26,"hour":16,"id":"2020-09-26T16:02:21Z","minute":2,"month":9,"rfc3339":"2020-09-26T16:02:21Z","rotation_days":30,"rotation_hours":null,"rotation_minutes":null,"rotation_months":null,"rotation_rfc3339":"2020-10-26T16:02:21Z","rotation_years":null,"second":21,"triggers":{"version":"1"},"unix":1601136141,"year":2020}},{"address":"time_rotating.t3","mode":"managed","type":"time_rotating","name":"t3","provider_name":"registry.terraform.io/hashicorp/time","schema_version":0,"values":{"day":26,"hour":16,"id":"2020-09-26T16:02:21Z","minute":2,"month":9,"rfc3339":"2020-09-26T16:02:21Z","rotation_days":30,"rotation_hours":null,"rotation_minutes":null,"rotation_months":null,"rotation_rfc3339":"2020-10-26T16:02:21Z","rotation_years":null,"second":21,"triggers":{"version":"1"},"unix":1601136141,"year":2020}}]}}},"configuration":{"root_module":{"resources":[{"address":"time_rotating.t1","mode":"managed","type":"time_rotating","name":"t1","provider_config_key":"time","expressions":{"rotation_days":{"constant_value":29},"triggers":{"constant_value":{"version":1}}},"schema_version":0},{"address":"time_rotating.t3","mode":"managed","type":"time_rotating","name":"t3","provider_config_key":"time","expressions":{"rotation_days":{"constant_value":30},"triggers":{"constant_value":{"version":2}}},"schema_version":0},{"address":"time_rotating.t4","mode":"managed","type":"time_rotating","name":"t4","provider_config_key":"time","expressions":{"rotation_days":{"constant_value":30},"triggers":{"constant_value":{"version":2}}},"schema_version":0}]}}}
